
Microsoft Visual Studio Solution File, Format Version 12.00
# Visual Studio Version 17
VisualStudioVersion = 17.5.33424.131
MinimumVisualStudioVersion = 10.0.40219.1
Project("{FAE04EC0-301F-11D3-BF4B-00C04F79EFBC}") = "ReactRealFun", "ReactRealFun.csproj", "{029CB349-9782-4053-B907-E71335D8374D}"
EndProject
Global
	GlobalSection(SolutionConfigurationPlatforms) = preSolution
		Debug|Any CPU = Debug|Any CPU
		Release|Any CPU = Release|Any CPU
	EndGlobalSection
	GlobalSection(ProjectConfigurationPlatforms) = postSolution
		{029CB349-9782-4053-B907-E71335D8374D}.Debug|Any CPU.ActiveCfg = Debug|Any CPU
		{029CB349-9782-4053-B907-E71335D8374D}.Debug|Any CPU.Build.0 = Debug|Any CPU
		{029CB349-9782-4053-B907-E71335D8374D}.Release|Any CPU.ActiveCfg = Release|Any CPU
		{029CB349-9782-4053-B907-E71335D8374D}.Release|Any CPU.Build.0 = Release|Any CPU
	EndGlobalSection
	GlobalSection(SolutionProperties) = preSolution
		HideSolutionNode = FALSE
	EndGlobalSection
	GlobalSection(ExtensibilityGlobals) = postSolution
		SolutionGuid = {C7AA7C1D-0002-4BB7-87B9-F5C1E3DA5017}
	EndGlobalSection
EndGlobal
